
Microsoft Visual Studio Solution File, Format Version 11.00
# Visual C# Express 2010
Project("{FAE04EC0-301F-11D3-BF4B-00C04F79EFBC}") = "Braco-Robotico-Servo-PROTOn(Serial)", "Braco-Robotico-Servo-PROTOn(Serial)\Braco-Robotico-Servo-PROTOn(Serial).csproj", "{3C6E4436-29CD-4C22-9D67-26FAA4EBD488}"
EndProject
Project("{FAE04EC0-301F-11D3-BF4B-00C04F79EFBC}") = "ESP8266_COMM", "..\..\ESP8266_COMM\ESP8266_COMM\ESP8266_COMM.csproj", "{4B3A1F63-8D7F-4E0D-BD9C-F3D0E69C5A28}"
EndProject
Global
	GlobalSection(SolutionConfigurationPlatforms) = preSolution
		Debug|Any CPU = Debug|Any CPU
		Debug|Mixed Platforms = Debug|Mixed Platforms
		Debug|x86 = Debug|x86
		Release|Any CPU = Release|Any CPU
		Release|Mixed Platforms = Release|Mixed Platforms
		Release|x86 = Release|x86
	EndGlobalSection
	GlobalSection(ProjectConfigurationPlatforms) = postSolution
		{3C6E4436-29CD-4C22-9D67-26FAA4EBD488}.Debug|Any CPU.ActiveCfg = Debug|x86
		{3C6E4436-29CD-4C22-9D67-26FAA4EBD488}.Debug|Mixed Platforms.ActiveCfg = Debug|x86
		{3C6E4436-29CD-4C22-9D67-26FAA4EBD488}.Debug|Mixed Platforms.Build.0 = Debug|x86
		{3C6E4436-29CD-4C22-9D67-26FAA4EBD488}.Debug|x86.ActiveCfg = Debug|x86
		{3C6E4436-29CD-4C22-9D67-26FAA4EBD488}.Debug|x86.Build.0 = Debug|x86
		{3C6E4436-29CD-4C22-9D67-26FAA4EBD488}.Release|Any CPU.ActiveCfg = Release|x86
		{3C6E4436-29CD-4C22-9D67-26FAA4EBD488}.Release|Mixed Platforms.ActiveCfg = Release|x86
		{3C6E4436-29CD-4C22-9D67-26FAA4EBD488}.Release|Mixed Platforms.Build.0 = Release|x86
		{3C6E4436-29CD-4C22-9D67-26FAA4EBD488}.Release|x86.ActiveCfg = Release|x86
		{3C6E4436-29CD-4C22-9D67-26FAA4EBD488}.Release|x86.Build.0 = Release|x86
		{4B3A1F63-8D7F-4E0D-BD9C-F3D0E69C5A28}.Debug|Any CPU.ActiveCfg = Debug|x86
		{4B3A1F63-8D7F-4E0D-BD9C-F3D0E69C5A28}.Debug|Mixed Platforms.ActiveCfg = Debug|x86
		{4B3A1F63-8D7F-4E0D-BD9C-F3D0E69C5A28}.Debug|Mixed Platforms.Build.0 = Debug|x86
		{4B3A1F63-8D7F-4E0D-BD9C-F3D0E69C5A28}.Debug|x86.ActiveCfg = Debug|x86
		{4B3A1F63-8D7F-4E0D-BD9C-F3D0E69C5A28}.Debug|x86.Build.0 = Debug|x86
		{4B3A1F63-8D7F-4E0D-BD9C-F3D0E69C5A28}.Release|Any CPU.ActiveCfg = Release|x86
		{4B3A1F63-8D7F-4E0D-BD9C-F3D0E69C5A28}.Release|Mixed Platforms.ActiveCfg = Release|x86
		{4B3A1F63-8D7F-4E0D-BD9C-F3D0E69C5A28}.Release|Mixed Platforms.Build.0 = Release|x86
		{4B3A1F63-8D7F-4E0D-BD9C-F3D0E69C5A28}.Release|x86.ActiveCfg = Release|x86
		{4B3A1F63-8D7F-4E0D-BD9C-F3D0E69C5A28}.Release|x86.Build.0 = Release|x86
	EndGlobalSection
	GlobalSection(SolutionProperties) = preSolution
		HideSolutionNode = FALSE
	EndGlobalSection
EndGlobal
